
Microsoft Visual Studio Solution File, Format Version 12.00
# Visual Studio Version 17
VisualStudioVersion = 17.14.36414.22 d17.14
MinimumVisualStudioVersion = 10.0.40219.1
Project("{FAE04EC0-301F-11D3-BF4B-00C04F79EFBC}") = "BlazorApp3", "BlazorApp3\BlazorApp3\BlazorApp3.csproj", "{D5889A1A-B535-44D7-AD5A-D6449A344F02}"
EndProject
Project("{FAE04EC0-301F-11D3-BF4B-00C04F79EFBC}") = "BlazorApp3.Client", "BlazorApp3\BlazorApp3.Client\BlazorApp3.Client.csproj", "{A43CFCA2-E4A2-4AFD-ABE2-3376618F996B}"
EndProject
Project("{E53339B2-1760-4266-BCC7-CA923CBCF16C}") = "docker-compose", "docker-compose.dcproj", "{81DDED9D-158B-E303-5F62-77A2896D2A5A}"
EndProject
Project("{FAE04EC0-301F-11D3-BF4B-00C04F79EFBC}") = "BlazorApp3.Domain", "BlazorApp3.Domain\BlazorApp3.Domain.csproj", "{A3E46849-DD3F-4EF0-BA7F-97A06780F91C}"
EndProject
Project("{FAE04EC0-301F-11D3-BF4B-00C04F79EFBC}") = "BlazorApp3.Infrastructure", "BlazorApp3.Infrastructure\BlazorApp3.Infrastructure.csproj", "{9E3D4DA3-5EBE-4946-8468-2031216C166A}"
EndProject
Project("{FAE04EC0-301F-11D3-BF4B-00C04F79EFBC}") = "BlazorApp3.Application", "BlazorApp3.Application\BlazorApp3.Application.csproj", "{74532127-D911-4428-A80D-7253173D179E}"
EndProject
Project("{FAE04EC0-301F-11D3-BF4B-00C04F79EFBC}") = "BlazorApp3.Shared", "BlazorApp3.Shared\BlazorApp3.Shared.csproj", "{621F5365-8F6C-4259-9A80-5331F32E2348}"
EndProject
Global
	GlobalSection(SolutionConfigurationPlatforms) = preSolution
		Debug|Any CPU = Debug|Any CPU
		Release|Any CPU = Release|Any CPU
	EndGlobalSection
	GlobalSection(ProjectConfigurationPlatforms) = postSolution
		{D5889A1A-B535-44D7-AD5A-D6449A344F02}.Debug|Any CPU.ActiveCfg = Debug|Any CPU
		{D5889A1A-B535-44D7-AD5A-D6449A344F02}.Debug|Any CPU.Build.0 = Debug|Any CPU
		{D5889A1A-B535-44D7-AD5A-D6449A344F02}.Release|Any CPU.ActiveCfg = Release|Any CPU
		{D5889A1A-B535-44D7-AD5A-D6449A344F02}.Release|Any CPU.Build.0 = Release|Any CPU
		{A43CFCA2-E4A2-4AFD-ABE2-3376618F996B}.Debug|Any CPU.ActiveCfg = Debug|Any CPU
		{A43CFCA2-E4A2-4AFD-ABE2-3376618F996B}.Debug|Any CPU.Build.0 = Debug|Any CPU
		{A43CFCA2-E4A2-4AFD-ABE2-3376618F996B}.Release|Any CPU.ActiveCfg = Release|Any CPU
		{A43CFCA2-E4A2-4AFD-ABE2-3376618F996B}.Release|Any CPU.Build.0 = Release|Any CPU
		{81DDED9D-158B-E303-5F62-77A2896D2A5A}.Debug|Any CPU.ActiveCfg = Debug|Any CPU
		{81DDED9D-158B-E303-5F62-77A2896D2A5A}.Debug|Any CPU.Build.0 = Debug|Any CPU
		{81DDED9D-158B-E303-5F62-77A2896D2A5A}.Release|Any CPU.ActiveCfg = Release|Any CPU
		{81DDED9D-158B-E303-5F62-77A2896D2A5A}.Release|Any CPU.Build.0 = Release|Any CPU
		{A3E46849-DD3F-4EF0-BA7F-97A06780F91C}.Debug|Any CPU.ActiveCfg = Debug|Any CPU
		{A3E46849-DD3F-4EF0-BA7F-97A06780F91C}.Debug|Any CPU.Build.0 = Debug|Any CPU
		{A3E46849-DD3F-4EF0-BA7F-97A06780F91C}.Release|Any CPU.ActiveCfg = Release|Any CPU
		{A3E46849-DD3F-4EF0-BA7F-97A06780F91C}.Release|Any CPU.Build.0 = Release|Any CPU
		{9E3D4DA3-5EBE-4946-8468-2031216C166A}.Debug|Any CPU.ActiveCfg = Debug|Any CPU
		{9E3D4DA3-5EBE-4946-8468-2031216C166A}.Debug|Any CPU.Build.0 = Debug|Any CPU
		{9E3D4DA3-5EBE-4946-8468-2031216C166A}.Release|Any CPU.ActiveCfg = Release|Any CPU
		{9E3D4DA3-5EBE-4946-8468-2031216C166A}.Release|Any CPU.Build.0 = Release|Any CPU
		{74532127-D911-4428-A80D-7253173D179E}.Debug|Any CPU.ActiveCfg = Debug|Any CPU
		{74532127-D911-4428-A80D-7253173D179E}.Debug|Any CPU.Build.0 = Debug|Any CPU
		{74532127-D911-4428-A80D-7253173D179E}.Release|Any CPU.ActiveCfg = Release|Any CPU
		{74532127-D911-4428-A80D-7253173D179E}.Release|Any CPU.Build.0 = Release|Any CPU
		{621F5365-8F6C-4259-9A80-5331F32E2348}.Debug|Any CPU.ActiveCfg = Debug|Any CPU
		{621F5365-8F6C-4259-9A80-5331F32E2348}.Debug|Any CPU.Build.0 = Debug|Any CPU
		{621F5365-8F6C-4259-9A80-5331F32E2348}.Release|Any CPU.ActiveCfg = Release|Any CPU
		{621F5365-8F6C-4259-9A80-5331F32E2348}.Release|Any CPU.Build.0 = Release|Any CPU
	EndGlobalSection
	GlobalSection(SolutionProperties) = preSolution
		HideSolutionNode = FALSE
	EndGlobalSection
	GlobalSection(ExtensibilityGlobals) = postSolution
		SolutionGuid = {61DA9968-8D10-4C95-B005-D86287FDED1B}
	EndGlobalSection
EndGlobal
